
Microsoft Visual Studio Solution File, Format Version 11.00
# Visual Studio 2010
Project("{FAE04EC0-301F-11D3-BF4B-00C04F79EFBC}") = "Core", "Core.csproj", "{1094865B-E6A4-4CDC-8AA2-8C834E08CB70}"
EndProject
Global
	GlobalSection(SolutionConfigurationPlatforms) = preSolution
		Debug|x86 = Debug|x86
		Release|x86 = Release|x86
		Debug|x64 = Debug|x64
		Release|x64 = Release|x64
	EndGlobalSection
	GlobalSection(ProjectConfigurationPlatforms) = postSolution
		{1094865B-E6A4-4CDC-8AA2-8C834E08CB70}.Debug|x64.ActiveCfg = Debug|x64
		{1094865B-E6A4-4CDC-8AA2-8C834E08CB70}.Debug|x64.Build.0 = Debug|x64
		{1094865B-E6A4-4CDC-8AA2-8C834E08CB70}.Debug|x86.ActiveCfg = Debug|x86
		{1094865B-E6A4-4CDC-8AA2-8C834E08CB70}.Debug|x86.Build.0 = Debug|x86
		{1094865B-E6A4-4CDC-8AA2-8C834E08CB70}.Release|x64.ActiveCfg = Release|x64
		{1094865B-E6A4-4CDC-8AA2-8C834E08CB70}.Release|x64.Build.0 = Release|x64
		{1094865B-E6A4-4CDC-8AA2-8C834E08CB70}.Release|x86.ActiveCfg = Release|x86
		{1094865B-E6A4-4CDC-8AA2-8C834E08CB70}.Release|x86.Build.0 = Release|x86
	EndGlobalSection
	GlobalSection(MonoDevelopProperties) = preSolution
		StartupItem = Core.csproj
	EndGlobalSection
EndGlobal
