
Microsoft Visual Studio Solution File, Format Version 11.00
# Visual Studio 2010 Express for Windows Phone
Project("{FAE04EC0-301F-11D3-BF4B-00C04F79EFBC}") = "Core.WP7", "Core\Core.WP7.csproj", "{C72F81D8-6D7B-4ABF-888D-714044B60CDA}"
EndProject
Project("{FAE04EC0-301F-11D3-BF4B-00C04F79EFBC}") = "Eluant-wp7", "..\..\Mangatome\Eluant\Eluant\Eluant-wp7.csproj", "{C389118D-8F19-4C8D-9493-DAD568BA2E7A}"
EndProject
Project("{FAE04EC0-301F-11D3-BF4B-00C04F79EFBC}") = "KopiLua-wp7", "..\..\..\..\Desktop\WP Wherigo Player\KopiLua-fd01e1094246498dbe22180f3f60019540e18f76\KopiLua\KopiLua-wp7.csproj", "{330E0C63-4160-46E0-BBDA-325185A4AB7A}"
EndProject
Project("{FAE04EC0-301F-11D3-BF4B-00C04F79EFBC}") = "mcs-wp7", "..\..\Mangatome\Eluant\MonoClassLibraries\mcs-wp7.csproj", "{515D8F8A-3EC7-4259-BACE-654B6306B273}"
EndProject
Global
	GlobalSection(SolutionConfigurationPlatforms) = preSolution
		Debug|Any CPU = Debug|Any CPU
		Release|Any CPU = Release|Any CPU
	EndGlobalSection
	GlobalSection(ProjectConfigurationPlatforms) = postSolution
		{C72F81D8-6D7B-4ABF-888D-714044B60CDA}.Debug|Any CPU.ActiveCfg = Debug|Any CPU
		{C72F81D8-6D7B-4ABF-888D-714044B60CDA}.Debug|Any CPU.Build.0 = Debug|Any CPU
		{C72F81D8-6D7B-4ABF-888D-714044B60CDA}.Release|Any CPU.ActiveCfg = Release|Any CPU
		{C72F81D8-6D7B-4ABF-888D-714044B60CDA}.Release|Any CPU.Build.0 = Release|Any CPU
		{C389118D-8F19-4C8D-9493-DAD568BA2E7A}.Debug|Any CPU.ActiveCfg = Debug|Any CPU
		{C389118D-8F19-4C8D-9493-DAD568BA2E7A}.Debug|Any CPU.Build.0 = Debug|Any CPU
		{C389118D-8F19-4C8D-9493-DAD568BA2E7A}.Release|Any CPU.ActiveCfg = Release|Any CPU
		{C389118D-8F19-4C8D-9493-DAD568BA2E7A}.Release|Any CPU.Build.0 = Release|Any CPU
		{330E0C63-4160-46E0-BBDA-325185A4AB7A}.Debug|Any CPU.ActiveCfg = Debug|Any CPU
		{330E0C63-4160-46E0-BBDA-325185A4AB7A}.Debug|Any CPU.Build.0 = Debug|Any CPU
		{330E0C63-4160-46E0-BBDA-325185A4AB7A}.Release|Any CPU.ActiveCfg = Release|Any CPU
		{330E0C63-4160-46E0-BBDA-325185A4AB7A}.Release|Any CPU.Build.0 = Release|Any CPU
		{515D8F8A-3EC7-4259-BACE-654B6306B273}.Debug|Any CPU.ActiveCfg = Debug|Any CPU
		{515D8F8A-3EC7-4259-BACE-654B6306B273}.Debug|Any CPU.Build.0 = Debug|Any CPU
		{515D8F8A-3EC7-4259-BACE-654B6306B273}.Release|Any CPU.ActiveCfg = Release|Any CPU
		{515D8F8A-3EC7-4259-BACE-654B6306B273}.Release|Any CPU.Build.0 = Release|Any CPU
	EndGlobalSection
	GlobalSection(SolutionProperties) = preSolution
		HideSolutionNode = FALSE
	EndGlobalSection
EndGlobal
