
Microsoft Visual Studio Solution File, Format Version 11.00
# Visual Studio 2010
Project("{FAE04EC0-301F-11D3-BF4B-00C04F79EFBC}") = "Core.iOS", "Core.iOS.csproj", "{DFD85D7E-251B-4D9E-BF44-2F054386F46F}"
EndProject
Project("{FAE04EC0-301F-11D3-BF4B-00C04F79EFBC}") = "KeraLua.iOS", "NLua\Core\KeraLua\src\KeraLua.iOS.csproj", "{3F57C208-AA13-4B67-B3E7-ED41307F00A0}"
EndProject
Project("{FAE04EC0-301F-11D3-BF4B-00C04F79EFBC}") = "NLua.iOS", "NLua\Core\NLua\NLua.iOS.csproj", "{7064B157-DD57-4828-94C5-CA149B25CB40}"
EndProject
Global
	GlobalSection(SolutionConfigurationPlatforms) = preSolution
		Debug|iPhoneSimulator = Debug|iPhoneSimulator
		Release|iPhoneSimulator = Release|iPhoneSimulator
		Debug|iPhone = Debug|iPhone
		Release|iPhone = Release|iPhone
		Ad-Hoc|iPhone = Ad-Hoc|iPhone
		AppStore|iPhone = AppStore|iPhone
	EndGlobalSection
	GlobalSection(ProjectConfigurationPlatforms) = postSolution
		{3F57C208-AA13-4B67-B3E7-ED41307F00A0}.Ad-Hoc|iPhone.ActiveCfg = Release|Any CPU
		{3F57C208-AA13-4B67-B3E7-ED41307F00A0}.Ad-Hoc|iPhone.Build.0 = Release|Any CPU
		{3F57C208-AA13-4B67-B3E7-ED41307F00A0}.AppStore|iPhone.ActiveCfg = Release|Any CPU
		{3F57C208-AA13-4B67-B3E7-ED41307F00A0}.AppStore|iPhone.Build.0 = Release|Any CPU
		{3F57C208-AA13-4B67-B3E7-ED41307F00A0}.Debug|iPhone.ActiveCfg = Debug|Any CPU
		{3F57C208-AA13-4B67-B3E7-ED41307F00A0}.Debug|iPhone.Build.0 = Debug|Any CPU
		{3F57C208-AA13-4B67-B3E7-ED41307F00A0}.Debug|iPhoneSimulator.ActiveCfg = Debug|Any CPU
		{3F57C208-AA13-4B67-B3E7-ED41307F00A0}.Debug|iPhoneSimulator.Build.0 = Debug|Any CPU
		{3F57C208-AA13-4B67-B3E7-ED41307F00A0}.Release|iPhone.ActiveCfg = Release|Any CPU
		{3F57C208-AA13-4B67-B3E7-ED41307F00A0}.Release|iPhone.Build.0 = Release|Any CPU
		{3F57C208-AA13-4B67-B3E7-ED41307F00A0}.Release|iPhoneSimulator.ActiveCfg = Release|Any CPU
		{3F57C208-AA13-4B67-B3E7-ED41307F00A0}.Release|iPhoneSimulator.Build.0 = Release|Any CPU
		{7064B157-DD57-4828-94C5-CA149B25CB40}.Ad-Hoc|iPhone.ActiveCfg = Release|Any CPU
		{7064B157-DD57-4828-94C5-CA149B25CB40}.Ad-Hoc|iPhone.Build.0 = Release|Any CPU
		{7064B157-DD57-4828-94C5-CA149B25CB40}.AppStore|iPhone.ActiveCfg = Release|Any CPU
		{7064B157-DD57-4828-94C5-CA149B25CB40}.AppStore|iPhone.Build.0 = Release|Any CPU
		{7064B157-DD57-4828-94C5-CA149B25CB40}.Debug|iPhone.ActiveCfg = Debug|Any CPU
		{7064B157-DD57-4828-94C5-CA149B25CB40}.Debug|iPhone.Build.0 = Debug|Any CPU
		{7064B157-DD57-4828-94C5-CA149B25CB40}.Debug|iPhoneSimulator.ActiveCfg = Debug|Any CPU
		{7064B157-DD57-4828-94C5-CA149B25CB40}.Debug|iPhoneSimulator.Build.0 = Debug|Any CPU
		{7064B157-DD57-4828-94C5-CA149B25CB40}.Release|iPhone.ActiveCfg = Release|Any CPU
		{7064B157-DD57-4828-94C5-CA149B25CB40}.Release|iPhone.Build.0 = Release|Any CPU
		{7064B157-DD57-4828-94C5-CA149B25CB40}.Release|iPhoneSimulator.ActiveCfg = Release|Any CPU
		{7064B157-DD57-4828-94C5-CA149B25CB40}.Release|iPhoneSimulator.Build.0 = Release|Any CPU
		{DFD85D7E-251B-4D9E-BF44-2F054386F46F}.Ad-Hoc|iPhone.ActiveCfg = Ad-Hoc|iPhone
		{DFD85D7E-251B-4D9E-BF44-2F054386F46F}.Ad-Hoc|iPhone.Build.0 = Ad-Hoc|iPhone
		{DFD85D7E-251B-4D9E-BF44-2F054386F46F}.AppStore|iPhone.ActiveCfg = AppStore|iPhone
		{DFD85D7E-251B-4D9E-BF44-2F054386F46F}.AppStore|iPhone.Build.0 = AppStore|iPhone
		{DFD85D7E-251B-4D9E-BF44-2F054386F46F}.Debug|iPhone.ActiveCfg = Debug|iPhone
		{DFD85D7E-251B-4D9E-BF44-2F054386F46F}.Debug|iPhone.Build.0 = Debug|iPhone
		{DFD85D7E-251B-4D9E-BF44-2F054386F46F}.Debug|iPhoneSimulator.ActiveCfg = Debug|iPhoneSimulator
		{DFD85D7E-251B-4D9E-BF44-2F054386F46F}.Debug|iPhoneSimulator.Build.0 = Debug|iPhoneSimulator
		{DFD85D7E-251B-4D9E-BF44-2F054386F46F}.Release|iPhone.ActiveCfg = Release|iPhone
		{DFD85D7E-251B-4D9E-BF44-2F054386F46F}.Release|iPhone.Build.0 = Release|iPhone
		{DFD85D7E-251B-4D9E-BF44-2F054386F46F}.Release|iPhoneSimulator.ActiveCfg = Release|iPhoneSimulator
		{DFD85D7E-251B-4D9E-BF44-2F054386F46F}.Release|iPhoneSimulator.Build.0 = Release|iPhoneSimulator
	EndGlobalSection
	GlobalSection(MonoDevelopProperties) = preSolution
		StartupItem = Core.iOS.csproj
	EndGlobalSection
EndGlobal
