
Microsoft Visual Studio Solution File, Format Version 11.00
# Visual Studio 2010
Project("{FAE04EC0-301F-11D3-BF4B-00C04F79EFBC}") = "Core", "Core\Core.csproj", "{1094865B-E6A4-4CDC-8AA2-8C834E08CB70}"
EndProject
Project("{FAE04EC0-301F-11D3-BF4B-00C04F79EFBC}") = "NLua", "NLua\Core\NLua\NLua.csproj", "{F55CABBB-4108-4A39-94E1-581FD46DC021}"
EndProject
Project("{FAE04EC0-301F-11D3-BF4B-00C04F79EFBC}") = "KopiLua", "NLua\Core\KopiLua\KopiLua\KopiLua.csproj", "{E8DDBC21-EF74-4ABA-9C49-BFC702BE25D8}"
EndProject
Project("{FAE04EC0-301F-11D3-BF4B-00C04F79EFBC}") = "KeraLua", "NLua\Core\KeraLua\src\KeraLua.csproj", "{47153754-10F5-44D8-B578-F5A32B69061A}"
EndProject
Global
	GlobalSection(SolutionConfigurationPlatforms) = preSolution
		Debug|Any CPU = Debug|Any CPU
		Debug|Mixed Platforms = Debug|Mixed Platforms
		Debug|x64 = Debug|x64
		Debug|x86 = Debug|x86
		DebugKopiLua|Any CPU = DebugKopiLua|Any CPU
		DebugKopiLua|Mixed Platforms = DebugKopiLua|Mixed Platforms
		DebugKopiLua|x64 = DebugKopiLua|x64
		DebugKopiLua|x86 = DebugKopiLua|x86
		Release|Any CPU = Release|Any CPU
		Release|Mixed Platforms = Release|Mixed Platforms
		Release|x64 = Release|x64
		Release|x86 = Release|x86
		ReleaseKopiLua|Any CPU = ReleaseKopiLua|Any CPU
		ReleaseKopiLua|Mixed Platforms = ReleaseKopiLua|Mixed Platforms
		ReleaseKopiLua|x64 = ReleaseKopiLua|x64
		ReleaseKopiLua|x86 = ReleaseKopiLua|x86
	EndGlobalSection
	GlobalSection(ProjectConfigurationPlatforms) = postSolution
		{1094865B-E6A4-4CDC-8AA2-8C834E08CB70}.Debug|Any CPU.ActiveCfg = Debug|x64
		{1094865B-E6A4-4CDC-8AA2-8C834E08CB70}.Debug|Mixed Platforms.ActiveCfg = Debug|x64
		{1094865B-E6A4-4CDC-8AA2-8C834E08CB70}.Debug|Mixed Platforms.Build.0 = Debug|x64
		{1094865B-E6A4-4CDC-8AA2-8C834E08CB70}.Debug|x64.ActiveCfg = Debug|x64
		{1094865B-E6A4-4CDC-8AA2-8C834E08CB70}.Debug|x64.Build.0 = Debug|x64
		{1094865B-E6A4-4CDC-8AA2-8C834E08CB70}.Debug|x86.ActiveCfg = Debug|x86
		{1094865B-E6A4-4CDC-8AA2-8C834E08CB70}.Debug|x86.Build.0 = Debug|x86
		{1094865B-E6A4-4CDC-8AA2-8C834E08CB70}.DebugKopiLua|Any CPU.ActiveCfg = Debug|x64
		{1094865B-E6A4-4CDC-8AA2-8C834E08CB70}.DebugKopiLua|Mixed Platforms.ActiveCfg = Debug|x64
		{1094865B-E6A4-4CDC-8AA2-8C834E08CB70}.DebugKopiLua|Mixed Platforms.Build.0 = Debug|x64
		{1094865B-E6A4-4CDC-8AA2-8C834E08CB70}.DebugKopiLua|x64.ActiveCfg = Debug|x64
		{1094865B-E6A4-4CDC-8AA2-8C834E08CB70}.DebugKopiLua|x64.Build.0 = Debug|x64
		{1094865B-E6A4-4CDC-8AA2-8C834E08CB70}.DebugKopiLua|x86.ActiveCfg = Debug|x64
		{1094865B-E6A4-4CDC-8AA2-8C834E08CB70}.Release|Any CPU.ActiveCfg = Release|x64
		{1094865B-E6A4-4CDC-8AA2-8C834E08CB70}.Release|Mixed Platforms.ActiveCfg = Release|x64
		{1094865B-E6A4-4CDC-8AA2-8C834E08CB70}.Release|Mixed Platforms.Build.0 = Release|x64
		{1094865B-E6A4-4CDC-8AA2-8C834E08CB70}.Release|x64.ActiveCfg = Release|x64
		{1094865B-E6A4-4CDC-8AA2-8C834E08CB70}.Release|x64.Build.0 = Release|x64
		{1094865B-E6A4-4CDC-8AA2-8C834E08CB70}.Release|x86.ActiveCfg = Release|x86
		{1094865B-E6A4-4CDC-8AA2-8C834E08CB70}.Release|x86.Build.0 = Release|x86
		{1094865B-E6A4-4CDC-8AA2-8C834E08CB70}.ReleaseKopiLua|Any CPU.ActiveCfg = Release|x64
		{1094865B-E6A4-4CDC-8AA2-8C834E08CB70}.ReleaseKopiLua|Mixed Platforms.ActiveCfg = Release|x64
		{1094865B-E6A4-4CDC-8AA2-8C834E08CB70}.ReleaseKopiLua|Mixed Platforms.Build.0 = Release|x64
		{1094865B-E6A4-4CDC-8AA2-8C834E08CB70}.ReleaseKopiLua|x64.ActiveCfg = Release|x64
		{1094865B-E6A4-4CDC-8AA2-8C834E08CB70}.ReleaseKopiLua|x64.Build.0 = Release|x64
		{1094865B-E6A4-4CDC-8AA2-8C834E08CB70}.ReleaseKopiLua|x86.ActiveCfg = Release|x64
		{F55CABBB-4108-4A39-94E1-581FD46DC021}.Debug|Any CPU.ActiveCfg = Debug|Any CPU
		{F55CABBB-4108-4A39-94E1-581FD46DC021}.Debug|Any CPU.Build.0 = Debug|Any CPU
		{F55CABBB-4108-4A39-94E1-581FD46DC021}.Debug|Mixed Platforms.ActiveCfg = Debug|Any CPU
		{F55CABBB-4108-4A39-94E1-581FD46DC021}.Debug|Mixed Platforms.Build.0 = Debug|Any CPU
		{F55CABBB-4108-4A39-94E1-581FD46DC021}.Debug|x64.ActiveCfg = Debug|Any CPU
		{F55CABBB-4108-4A39-94E1-581FD46DC021}.Debug|x86.ActiveCfg = Debug|Any CPU
		{F55CABBB-4108-4A39-94E1-581FD46DC021}.DebugKopiLua|Any CPU.ActiveCfg = DebugKopiLua|Any CPU
		{F55CABBB-4108-4A39-94E1-581FD46DC021}.DebugKopiLua|Any CPU.Build.0 = DebugKopiLua|Any CPU
		{F55CABBB-4108-4A39-94E1-581FD46DC021}.DebugKopiLua|Mixed Platforms.ActiveCfg = DebugKopiLua|Any CPU
		{F55CABBB-4108-4A39-94E1-581FD46DC021}.DebugKopiLua|Mixed Platforms.Build.0 = DebugKopiLua|Any CPU
		{F55CABBB-4108-4A39-94E1-581FD46DC021}.DebugKopiLua|x64.ActiveCfg = DebugKopiLua|Any CPU
		{F55CABBB-4108-4A39-94E1-581FD46DC021}.DebugKopiLua|x86.ActiveCfg = DebugKopiLua|Any CPU
		{F55CABBB-4108-4A39-94E1-581FD46DC021}.Release|Any CPU.ActiveCfg = Release|Any CPU
		{F55CABBB-4108-4A39-94E1-581FD46DC021}.Release|Any CPU.Build.0 = Release|Any CPU
		{F55CABBB-4108-4A39-94E1-581FD46DC021}.Release|Mixed Platforms.ActiveCfg = Release|Any CPU
		{F55CABBB-4108-4A39-94E1-581FD46DC021}.Release|Mixed Platforms.Build.0 = Release|Any CPU
		{F55CABBB-4108-4A39-94E1-581FD46DC021}.Release|x64.ActiveCfg = Release|Any CPU
		{F55CABBB-4108-4A39-94E1-581FD46DC021}.Release|x86.ActiveCfg = Release|Any CPU
		{F55CABBB-4108-4A39-94E1-581FD46DC021}.ReleaseKopiLua|Any CPU.ActiveCfg = ReleaseKopiLua|Any CPU
		{F55CABBB-4108-4A39-94E1-581FD46DC021}.ReleaseKopiLua|Any CPU.Build.0 = ReleaseKopiLua|Any CPU
		{F55CABBB-4108-4A39-94E1-581FD46DC021}.ReleaseKopiLua|Mixed Platforms.ActiveCfg = ReleaseKopiLua|Any CPU
		{F55CABBB-4108-4A39-94E1-581FD46DC021}.ReleaseKopiLua|Mixed Platforms.Build.0 = ReleaseKopiLua|Any CPU
		{F55CABBB-4108-4A39-94E1-581FD46DC021}.ReleaseKopiLua|x64.ActiveCfg = ReleaseKopiLua|Any CPU
		{F55CABBB-4108-4A39-94E1-581FD46DC021}.ReleaseKopiLua|x86.ActiveCfg = ReleaseKopiLua|Any CPU
		{E8DDBC21-EF74-4ABA-9C49-BFC702BE25D8}.Debug|Any CPU.ActiveCfg = Debug|Any CPU
		{E8DDBC21-EF74-4ABA-9C49-BFC702BE25D8}.Debug|Any CPU.Build.0 = Debug|Any CPU
		{E8DDBC21-EF74-4ABA-9C49-BFC702BE25D8}.Debug|Mixed Platforms.ActiveCfg = Debug|Any CPU
		{E8DDBC21-EF74-4ABA-9C49-BFC702BE25D8}.Debug|Mixed Platforms.Build.0 = Debug|Any CPU
		{E8DDBC21-EF74-4ABA-9C49-BFC702BE25D8}.Debug|x64.ActiveCfg = Debug|Any CPU
		{E8DDBC21-EF74-4ABA-9C49-BFC702BE25D8}.Debug|x86.ActiveCfg = Debug|Any CPU
		{E8DDBC21-EF74-4ABA-9C49-BFC702BE25D8}.DebugKopiLua|Any CPU.ActiveCfg = DebugKopiLua|Any CPU
		{E8DDBC21-EF74-4ABA-9C49-BFC702BE25D8}.DebugKopiLua|Any CPU.Build.0 = DebugKopiLua|Any CPU
		{E8DDBC21-EF74-4ABA-9C49-BFC702BE25D8}.DebugKopiLua|Mixed Platforms.ActiveCfg = DebugKopiLua|Any CPU
		{E8DDBC21-EF74-4ABA-9C49-BFC702BE25D8}.DebugKopiLua|Mixed Platforms.Build.0 = DebugKopiLua|Any CPU
		{E8DDBC21-EF74-4ABA-9C49-BFC702BE25D8}.DebugKopiLua|x64.ActiveCfg = DebugKopiLua|Any CPU
		{E8DDBC21-EF74-4ABA-9C49-BFC702BE25D8}.DebugKopiLua|x86.ActiveCfg = DebugKopiLua|Any CPU
		{E8DDBC21-EF74-4ABA-9C49-BFC702BE25D8}.Release|Any CPU.ActiveCfg = Release|Any CPU
		{E8DDBC21-EF74-4ABA-9C49-BFC702BE25D8}.Release|Any CPU.Build.0 = Release|Any CPU
		{E8DDBC21-EF74-4ABA-9C49-BFC702BE25D8}.Release|Mixed Platforms.ActiveCfg = Release|Any CPU
		{E8DDBC21-EF74-4ABA-9C49-BFC702BE25D8}.Release|Mixed Platforms.Build.0 = Release|Any CPU
		{E8DDBC21-EF74-4ABA-9C49-BFC702BE25D8}.Release|x64.ActiveCfg = Release|Any CPU
		{E8DDBC21-EF74-4ABA-9C49-BFC702BE25D8}.Release|x86.ActiveCfg = Release|Any CPU
		{E8DDBC21-EF74-4ABA-9C49-BFC702BE25D8}.ReleaseKopiLua|Any CPU.ActiveCfg = ReleaseKopiLua|Any CPU
		{E8DDBC21-EF74-4ABA-9C49-BFC702BE25D8}.ReleaseKopiLua|Any CPU.Build.0 = ReleaseKopiLua|Any CPU
		{E8DDBC21-EF74-4ABA-9C49-BFC702BE25D8}.ReleaseKopiLua|Mixed Platforms.ActiveCfg = ReleaseKopiLua|Any CPU
		{E8DDBC21-EF74-4ABA-9C49-BFC702BE25D8}.ReleaseKopiLua|Mixed Platforms.Build.0 = ReleaseKopiLua|Any CPU
		{E8DDBC21-EF74-4ABA-9C49-BFC702BE25D8}.ReleaseKopiLua|x64.ActiveCfg = ReleaseKopiLua|Any CPU
		{E8DDBC21-EF74-4ABA-9C49-BFC702BE25D8}.ReleaseKopiLua|x86.ActiveCfg = ReleaseKopiLua|Any CPU
		{47153754-10F5-44D8-B578-F5A32B69061A}.Debug|Any CPU.ActiveCfg = Debug|Any CPU
		{47153754-10F5-44D8-B578-F5A32B69061A}.Debug|Any CPU.Build.0 = Debug|Any CPU
		{47153754-10F5-44D8-B578-F5A32B69061A}.Debug|Mixed Platforms.ActiveCfg = Debug|Any CPU
		{47153754-10F5-44D8-B578-F5A32B69061A}.Debug|Mixed Platforms.Build.0 = Debug|Any CPU
		{47153754-10F5-44D8-B578-F5A32B69061A}.Debug|x64.ActiveCfg = Debug|Any CPU
		{47153754-10F5-44D8-B578-F5A32B69061A}.Debug|x86.ActiveCfg = Debug|Any CPU
		{47153754-10F5-44D8-B578-F5A32B69061A}.DebugKopiLua|Any CPU.ActiveCfg = DebugKopiLua|Any CPU
		{47153754-10F5-44D8-B578-F5A32B69061A}.DebugKopiLua|Any CPU.Build.0 = DebugKopiLua|Any CPU
		{47153754-10F5-44D8-B578-F5A32B69061A}.DebugKopiLua|Mixed Platforms.ActiveCfg = DebugKopiLua|Any CPU
		{47153754-10F5-44D8-B578-F5A32B69061A}.DebugKopiLua|Mixed Platforms.Build.0 = DebugKopiLua|Any CPU
		{47153754-10F5-44D8-B578-F5A32B69061A}.DebugKopiLua|x64.ActiveCfg = DebugKopiLua|Any CPU
		{47153754-10F5-44D8-B578-F5A32B69061A}.DebugKopiLua|x86.ActiveCfg = DebugKopiLua|Any CPU
		{47153754-10F5-44D8-B578-F5A32B69061A}.Release|Any CPU.ActiveCfg = Release|Any CPU
		{47153754-10F5-44D8-B578-F5A32B69061A}.Release|Any CPU.Build.0 = Release|Any CPU
		{47153754-10F5-44D8-B578-F5A32B69061A}.Release|Mixed Platforms.ActiveCfg = Release|Any CPU
		{47153754-10F5-44D8-B578-F5A32B69061A}.Release|Mixed Platforms.Build.0 = Release|Any CPU
		{47153754-10F5-44D8-B578-F5A32B69061A}.Release|x64.ActiveCfg = Release|Any CPU
		{47153754-10F5-44D8-B578-F5A32B69061A}.Release|x86.ActiveCfg = Release|Any CPU
		{47153754-10F5-44D8-B578-F5A32B69061A}.ReleaseKopiLua|Any CPU.ActiveCfg = ReleaseKopiLua|Any CPU
		{47153754-10F5-44D8-B578-F5A32B69061A}.ReleaseKopiLua|Any CPU.Build.0 = ReleaseKopiLua|Any CPU
		{47153754-10F5-44D8-B578-F5A32B69061A}.ReleaseKopiLua|Mixed Platforms.ActiveCfg = ReleaseKopiLua|Any CPU
		{47153754-10F5-44D8-B578-F5A32B69061A}.ReleaseKopiLua|Mixed Platforms.Build.0 = ReleaseKopiLua|Any CPU
		{47153754-10F5-44D8-B578-F5A32B69061A}.ReleaseKopiLua|x64.ActiveCfg = ReleaseKopiLua|Any CPU
		{47153754-10F5-44D8-B578-F5A32B69061A}.ReleaseKopiLua|x86.ActiveCfg = ReleaseKopiLua|Any CPU
	EndGlobalSection
	GlobalSection(SolutionProperties) = preSolution
		HideSolutionNode = FALSE
	EndGlobalSection
	GlobalSection(MonoDevelopProperties) = preSolution
		StartupItem = Core.csproj
	EndGlobalSection
EndGlobal
