
Microsoft Visual Studio Solution File, Format Version 12.00
# Visual Studio Version 16
VisualStudioVersion = 16.0.31129.286
MinimumVisualStudioVersion = 10.0.40219.1
Project("{9A19103F-16F7-4668-BE54-9A1E7A4F7556}") = "WF.Player.Core", "Core\WF.Player.Core.csproj", "{CCBD7709-ECE1-43CF-A4FC-1A02BC128F6D}"
EndProject
Project("{9A19103F-16F7-4668-BE54-9A1E7A4F7556}") = "Eluant", "Eluant\Eluant\Eluant.csproj", "{3F297829-2F3B-4C3B-8141-37623F3F0DBC}"
EndProject
Global
	GlobalSection(SolutionConfigurationPlatforms) = preSolution
		Debug|Any CPU = Debug|Any CPU
		Release|Any CPU = Release|Any CPU
	EndGlobalSection
	GlobalSection(ProjectConfigurationPlatforms) = postSolution
		{CCBD7709-ECE1-43CF-A4FC-1A02BC128F6D}.Debug|Any CPU.ActiveCfg = Debug|Any CPU
		{CCBD7709-ECE1-43CF-A4FC-1A02BC128F6D}.Debug|Any CPU.Build.0 = Debug|Any CPU
		{CCBD7709-ECE1-43CF-A4FC-1A02BC128F6D}.Release|Any CPU.ActiveCfg = Release|Any CPU
		{CCBD7709-ECE1-43CF-A4FC-1A02BC128F6D}.Release|Any CPU.Build.0 = Release|Any CPU
		{3F297829-2F3B-4C3B-8141-37623F3F0DBC}.Debug|Any CPU.ActiveCfg = Debug|Any CPU
		{3F297829-2F3B-4C3B-8141-37623F3F0DBC}.Debug|Any CPU.Build.0 = Debug|Any CPU
		{3F297829-2F3B-4C3B-8141-37623F3F0DBC}.Release|Any CPU.ActiveCfg = Release|Any CPU
		{3F297829-2F3B-4C3B-8141-37623F3F0DBC}.Release|Any CPU.Build.0 = Release|Any CPU
	EndGlobalSection
	GlobalSection(SolutionProperties) = preSolution
		HideSolutionNode = FALSE
	EndGlobalSection
	GlobalSection(ExtensibilityGlobals) = postSolution
		SolutionGuid = {E68183BA-5A5E-41EC-AA97-0DA05B38D403}
	EndGlobalSection
EndGlobal
