
Microsoft Visual Studio Solution File, Format Version 11.00
# Visual Studio 2010
Project("{FAE04EC0-301F-11D3-BF4B-00C04F79EFBC}") = "Core.Android", "Core\Core.Android.csproj", "{47C98C7A-1A47-457B-9A22-6D621F344B56}"
EndProject
Project("{FAE04EC0-301F-11D3-BF4B-00C04F79EFBC}") = "Eluant.Android", "Eluant\Eluant\Eluant.Android.csproj", "{5913825E-0C80-4660-81B3-C2C55B35ADB6}"
EndProject
Global
	GlobalSection(SolutionConfigurationPlatforms) = preSolution
		Debug|Any CPU = Debug|Any CPU
		Release|Any CPU = Release|Any CPU
	EndGlobalSection
	GlobalSection(ProjectConfigurationPlatforms) = postSolution
		{47C98C7A-1A47-457B-9A22-6D621F344B56}.Debug|Any CPU.ActiveCfg = Debug|Any CPU
		{47C98C7A-1A47-457B-9A22-6D621F344B56}.Debug|Any CPU.Build.0 = Debug|Any CPU
		{47C98C7A-1A47-457B-9A22-6D621F344B56}.Release|Any CPU.ActiveCfg = Release|Any CPU
		{47C98C7A-1A47-457B-9A22-6D621F344B56}.Release|Any CPU.Build.0 = Release|Any CPU
		{5913825E-0C80-4660-81B3-C2C55B35ADB6}.Debug|Any CPU.ActiveCfg = Debug|Any CPU
		{5913825E-0C80-4660-81B3-C2C55B35ADB6}.Debug|Any CPU.Build.0 = Debug|Any CPU
		{5913825E-0C80-4660-81B3-C2C55B35ADB6}.Release|Any CPU.ActiveCfg = Release|Any CPU
		{5913825E-0C80-4660-81B3-C2C55B35ADB6}.Release|Any CPU.Build.0 = Release|Any CPU
	EndGlobalSection
	GlobalSection(MonoDevelopProperties) = preSolution
		StartupItem = Core\Core.Android.csproj
	EndGlobalSection
EndGlobal
